// !$*UTF8*$!
{
	archiveVersion = 1;
	classes = {
	};
	objectVersion = 50;
	objects = {

/* Begin PBXBuildFile section */
		BD7ACD902465C440007EB133 /* AppDelegate.swift in Sources */ = {isa = PBXBuildFile; fileRef = BD7ACD8F2465C440007EB133 /* AppDelegate.swift */; };
		BD7ACD922465C440007EB133 /* SceneDelegate.swift in Sources */ = {isa = PBXBuildFile; fileRef = BD7ACD912465C440007EB133 /* SceneDelegate.swift */; };
		BD7ACD942465C440007EB133 /* ViewController.swift in Sources */ = {isa = PBXBuildFile; fileRef = BD7ACD932465C440007EB133 /* ViewController.swift */; };
		BD7ACD972465C440007EB133 /* Main.storyboard in Resources */ = {isa = PBXBuildFile; fileRef = BD7ACD952465C440007EB133 /* Main.storyboard */; };
		BD7ACD992465C442007EB133 /* Assets.xcassets in Resources */ = {isa = PBXBuildFile; fileRef = BD7ACD982465C442007EB133 /* Assets.xcassets */; };
		BD7ACD9C2465C442007EB133 /* LaunchScreen.storyboard in Resources */ = {isa = PBXBuildFile; fileRef = BD7ACD9A2465C442007EB133 /* LaunchScreen.storyboard */; };
/* End PBXBuildFile section */

/* Begin PBXFileReference section */
		BD7ACD8C2465C440007EB133 /* TableView-StickyHeader.app */ = {isa = PBXFileReference; explicitFileType = wrapper.application; includeInIndex = 0; path = "TableView-StickyHeader.app"; sourceTree = BUILT_PRODUCTS_DIR; };
		BD7ACD8F2465C440007EB133 /* AppDelegate.swift */ = {isa = PBXFileReference; lastKnownFileType = sourcecode.swift; path = AppDelegate.swift; sourceTree = "<group>"; };
		BD7ACD912465C440007EB133 /* SceneDelegate.swift */ = {isa = PBXFileReference; lastKnownFileType = sourcecode.swift; path = SceneDelegate.swift; sourceTree = "<group>"; };
		BD7ACD932465C440007EB133 /* ViewController.swift */ = {isa = PBXFileReference; lastKnownFileType = sourcecode.swift; path = ViewController.swift; sourceTree = "<group>"; };
		BD7ACD962465C440007EB133 /* Base */ = {isa = PBXFileReference; lastKnownFileType = file.storyboard; name = Base; path = Base.lproj/Main.storyboard; sourceTree = "<group>"; };
		BD7ACD982465C442007EB133 /* Assets.xcassets */ = {isa = PBXFileReference; lastKnownFileType = folder.assetcatalog; path = Assets.xcassets; sourceTree = "<group>"; };
		BD7ACD9B2465C442007EB133 /* Base */ = {isa = PBXFileReference; lastKnownFileType = file.storyboard; name = Base; path = Base.lproj/LaunchScreen.storyboard; sourceTree = "<group>"; };
		BD7ACD9D2465C442007EB133 /* Info.plist */ = {isa = PBXFileReference; lastKnownFileType = text.plist.xml; path = Info.plist; sourceTree = "<group>"; };
/* End PBXFileReference section */

/* Begin PBXFrameworksBuildPhase section */
		BD7ACD892465C440007EB133 /* Frameworks */ = {
			isa = PBXFrameworksBuildPhase;
			buildActionMask = 2147483647;
			files = (
			);
			runOnlyForDeploymentPostprocessing = 0;
		};
/* End PBXFrameworksBuildPhase section */

/* Begin PBXGroup section */
		BD7ACD832465C440007EB133 = {
			isa = PBXGroup;
			children = (
				BD7ACD8E2465C440007EB133 /* TableView-StickyHeader */,
				BD7ACD8D2465C440007EB133 /* Products */,
			);
			sourceTree = "<group>";
		};
		BD7ACD8D2465C440007EB133 /* Products */ = {
			isa = PBXGroup;
			children = (
				BD7ACD8C2465C440007EB133 /* TableView-StickyHeader.app */,
			);
			name = Products;
			sourceTree = "<group>";
		};
		BD7ACD8E2465C440007EB133 /* TableView-StickyHeader */ = {
			isa = PBXGroup;
			children = (
				BD7ACD8F2465C440007EB133 /* AppDelegate.swift */,
				BD7ACD912465C440007EB133 /* SceneDelegate.swift */,
				BD7ACD932465C440007EB133 /* ViewController.swift */,
				BD7ACD952465C440007EB133 /* Main.storyboard */,
				BD7ACD982465C442007EB133 /* Assets.xcassets */,
				BD7ACD9A2465C442007EB133 /* LaunchScreen.storyboard */,
				BD7ACD9D2465C442007EB133 /* Info.plist */,
			);
			path = "TableView-StickyHeader";
			sourceTree = "<group>";
		};
/* End PBXGroup section */

/* Begin PBXNativeTarget section */
		BD7ACD8B2465C440007EB133 /* TableView-StickyHeader */ = {
			isa = PBXNativeTarget;
			buildConfigurationList = BD7ACDA02465C442007EB133 /* Build configuration list for PBXNativeTarget "TableView-StickyHeader" */;
			buildPhases = (
				BD7ACD882465C440007EB133 /* Sources */,
				BD7ACD892465C440007EB133 /* Frameworks */,
				BD7ACD8A2465C440007EB133 /* Resources */,
			);
			buildRules = (
			);
			dependencies = (
			);
			name = "TableView-StickyHeader";
			productName = "TableView-StickyHeader";
			productReference = BD7ACD8C2465C440007EB133 /* TableView-StickyHeader.app */;
			productType = "com.apple.product-type.application";
		};
/* End PBXNativeTarget section */

/* Begin PBXProject section */
		BD7ACD842465C440007EB133 /* Project object */ = {
			isa = PBXProject;
			attributes = {
				LastSwiftUpdateCheck = 1140;
				LastUpgradeCheck = 1140;
				ORGANIZATIONNAME = "Lambda, Inc";
				TargetAttributes = {
					BD7ACD8B2465C440007EB133 = {
						CreatedOnToolsVersion = 11.4.1;
					};
				};
			};
			buildConfigurationList = BD7ACD872465C440007EB133 /* Build configuration list for PBXProject "TableView-StickyHeader" */;
			compatibilityVersion = "Xcode 9.3";
			developmentRegion = en;
			hasScannedForEncodings = 0;
			knownRegions = (
				en,
				Base,
			);
			mainGroup = BD7ACD832465C440007EB133;
			productRefGroup = BD7ACD8D2465C440007EB133 /* Products */;
			projectDirPath = "";
			projectRoot = "";
			targets = (
				BD7ACD8B2465C440007EB133 /* TableView-StickyHeader */,
			);
		};
/* End PBXProject section */

/* Begin PBXResourcesBuildPhase section */
		BD7ACD8A2465C440007EB133 /* Resources */ = {
			isa = PBXResourcesBuildPhase;
			buildActionMask = 2147483647;
			files = (
				BD7ACD9C2465C442007EB133 /* LaunchScreen.storyboard in Resources */,
				BD7ACD992465C442007EB133 /* Assets.xcassets in Resources */,
				BD7ACD972465C440007EB133 /* Main.storyboard in Resources */,
			);
			runOnlyForDeploymentPostprocessing = 0;
		};
/* End PBXResourcesBuildPhase section */

/* Begin PBXSourcesBuildPhase section */
		BD7ACD882465C440007EB133 /* Sources */ = {
			isa = PBXSourcesBuildPhase;
			buildActionMask = 2147483647;
			files = (
				BD7ACD942465C440007EB133 /* ViewController.swift in Sources */,
				BD7ACD902465C440007EB133 /* AppDelegate.swift in Sources */,
				BD7ACD922465C440007EB133 /* SceneDelegate.swift in Sources */,
			);
			runOnlyForDeploymentPostprocessing = 0;
		};
/* End PBXSourcesBuildPhase section */

/* Begin PBXVariantGroup section */
		BD7ACD952465C440007EB133 /* Main.storyboard */ = {
			isa = PBXVariantGroup;
			children = (
				BD7ACD962465C440007EB133 /* Base */,
			);
			name = Main.storyboard;
			sourceTree = "<group>";
		};
		BD7ACD9A2465C442007EB133 /* LaunchScreen.storyboard */ = {
			isa = PBXVariantGroup;
			children = (
				BD7ACD9B2465C442007EB133 /* Base */,
			);
			name = LaunchScreen.storyboard;
			sourceTree = "<group>";
		};
/* End PBXVariantGroup section */

/* Begin XCBuildConfiguration section */
		BD7ACD9E2465C442007EB133 /* Debug */ = {
			isa = XCBuildConfiguration;
			buildSettings = {
				ALWAYS_SEARCH_USER_PATHS = NO;
				CLANG_ANALYZER_NONNULL = YES;
				CLANG_ANALYZER_NUMBER_OBJECT_CONVERSION = YES_AGGRESSIVE;
				CLANG_CXX_LANGUAGE_STANDARD = "gnu++14";
				CLANG_CXX_LIBRARY = "libc++";
				CLANG_ENABLE_MODULES = YES;
				CLANG_ENABLE_OBJC_ARC = YES;
				CLANG_ENABLE_OBJC_WEAK = YES;
				CLANG_WARN_BLOCK_CAPTURE_AUTORELEASING = YES;
				CLANG_WARN_BOOL_CONVERSION = YES;
				CLANG_WARN_COMMA = YES;
				CLANG_WARN_CONSTANT_CONVERSION = YES;
				CLANG_WARN_DEPRECATED_OBJC_IMPLEMENTATIONS = YES;
				CLANG_WARN_DIRECT_OBJC_ISA_USAGE = YES_ERROR;
				CLANG_WARN_DOCUMENTATION_COMMENTS = YES;
				CLANG_WARN_EMPTY_BODY = YES;
				CLANG_WARN_ENUM_CONVERSION = YES;
				CLANG_WARN_INFINITE_RECURSION = YES;
				CLANG_WARN_INT_CONVERSION = YES;
				CLANG_WARN_NON_LITERAL_NULL_CONVERSION = YES;
				CLANG_WARN_OBJC_IMPLICIT_RETAIN_SELF = YES;
				CLANG_WARN_OBJC_LITERAL_CONVERSION = YES;
				CLANG_WARN_OBJC_ROOT_CLASS = YES_ERROR;
				CLANG_WARN_RANGE_LOOP_ANALYSIS = YES;
				CLANG_WARN_STRICT_PROTOTYPES = YES;
				CLANG_WARN_SUSPICIOUS_MOVE = YES;
				CLANG_WARN_UNGUARDED_AVAILABILITY = YES_AGGRESSIVE;
				CLANG_WARN_UNREACHABLE_CODE = YES;
				CLANG_WARN__DUPLICATE_METHOD_MATCH = YES;
				COPY_PHASE_STRIP = NO;
				DEBUG_INFORMATION_FORMAT = dwarf;
				ENABLE_STRICT_OBJC_MSGSEND = YES;
				ENABLE_TESTABILITY = YES;
				GCC_C_LANGUAGE_STANDARD = gnu11;
				GCC_DYNAMIC_NO_PIC = NO;
				GCC_NO_COMMON_BLOCKS = YES;
				GCC_OPTIMIZATION_LEVEL = 0;
				GCC_PREPROCESSOR_DEFINITIONS = (
					"DEBUG=1",
					"$(inherited)",
				);
				GCC_WARN_64_TO_32_BIT_CONVERSION = YES;
				GCC_WARN_ABOUT_RETURN_TYPE = YES_ERROR;
				GCC_WARN_UNDECLARED_SELECTOR = YES;
				GCC_WARN_UNINITIALIZED_AUTOS = YES_AGGRESSIVE;
				GCC_WARN_UNUSED_FUNCTION = YES;
				GCC_WARN_UNUSED_VARIABLE = YES;
				IPHONEOS_DEPLOYMENT_TARGET = 13.4;
				MTL_ENABLE_DEBUG_INFO = INCLUDE_SOURCE;
				MTL_FAST_MATH = YES;
				ONLY_ACTIVE_ARCH = YES;
				SDKROOT = iphoneos;
				SWIFT_ACTIVE_COMPILATION_CONDITIONS = DEBUG;
				SWIFT_OPTIMIZATION_LEVEL = "-Onone";
			};
			name = Debug;
		};
		BD7ACD9F2465C442007EB133 /* Release */ = {
			isa = XCBuildConfiguration;
			buildSettings = {
				ALWAYS_SEARCH_USER_PATHS = NO;
				CLANG_ANALYZER_NONNULL = YES;
				CLANG_ANALYZER_NUMBER_OBJECT_CONVERSION = YES_AGGRESSIVE;
				CLANG_CXX_LANGUAGE_STANDARD = "gnu++14";
				CLANG_CXX_LIBRARY = "libc++";
				CLANG_ENABLE_MODULES = YES;
				CLANG_ENABLE_OBJC_ARC = YES;
				CLANG_ENABLE_OBJC_WEAK = YES;
				CLANG_WARN_BLOCK_CAPTURE_AUTORELEASING = YES;
				CLANG_WARN_BOOL_CONVERSION = YES;
				CLANG_WARN_COMMA = YES;
				CLANG_WARN_CONSTANT_CONVERSION = YES;
				CLANG_WARN_DEPRECATED_OBJC_IMPLEMENTATIONS = YES;
				CLANG_WARN_DIRECT_OBJC_ISA_USAGE = YES_ERROR;
				CLANG_WARN_DOCUMENTATION_COMMENTS = YES;
				CLANG_WARN_EMPTY_BODY = YES;
				CLANG_WARN_ENUM_CONVERSION = YES;
				CLANG_WARN_INFINITE_RECURSION = YES;
				CLANG_WARN_INT_CONVERSION = YES;
				CLANG_WARN_NON_LITERAL_NULL_CONVERSION = YES;
				CLANG_WARN_OBJC_IMPLICIT_RETAIN_SELF = YES;
				CLANG_WARN_OBJC_LITERAL_CONVERSION = YES;
				CLANG_WARN_OBJC_ROOT_CLASS = YES_ERROR;
				CLANG_WARN_RANGE_LOOP_ANALYSIS = YES;
				CLANG_WARN_STRICT_PROTOTYPES = YES;
				CLANG_WARN_SUSPICIOUS_MOVE = YES;
				CLANG_WARN_UNGUARDED_AVAILABILITY = YES_AGGRESSIVE;
				CLANG_WARN_UNREACHABLE_CODE = YES;
				CLANG_WARN__DUPLICATE_METHOD_MATCH = YES;
				COPY_PHASE_STRIP = NO;
				DEBUG_INFORMATION_FORMAT = "dwarf-with-dsym";
				ENABLE_NS_ASSERTIONS = NO;
				ENABLE_STRICT_OBJC_MSGSEND = YES;
				GCC_C_LANGUAGE_STANDARD = gnu11;
				GCC_NO_COMMON_BLOCKS = YES;
				GCC_WARN_64_TO_32_BIT_CONVERSION = YES;
				GCC_WARN_ABOUT_RETURN_TYPE = YES_ERROR;
				GCC_WARN_UNDECLARED_SELECTOR = YES;
				GCC_WARN_UNINITIALIZED_AUTOS = YES_AGGRESSIVE;
				GCC_WARN_UNUSED_FUNCTION = YES;
				GCC_WARN_UNUSED_VARIABLE = YES;
				IPHONEOS_DEPLOYMENT_TARGET = 13.4;
				MTL_ENABLE_DEBUG_INFO = NO;
				MTL_FAST_MATH = YES;
				SDKROOT = iphoneos;
				SWIFT_COMPILATION_MODE = wholemodule;
				SWIFT_OPTIMIZATION_LEVEL = "-O";
				VALIDATE_PRODUCT = YES;
			};
			name = Release;
		};
		BD7ACDA12465C442007EB133 /* Debug */ = {
			isa = XCBuildConfiguration;
			buildSettings = {
				ASSETCATALOG_COMPILER_APPICON_NAME = AppIcon;
				CODE_SIGN_STYLE = Automatic;
				INFOPLIST_FILE = "TableView-StickyHeader/Info.plist";
				LD_RUNPATH_SEARCH_PATHS = (
					"$(inherited)",
					"@executable_path/Frameworks",
				);
				PRODUCT_BUNDLE_IDENTIFIER = "com.lambdaschool.TableView-StickyHeader";
				PRODUCT_NAME = "$(TARGET_NAME)";
				SWIFT_VERSION = 5.0;
				TARGETED_DEVICE_FAMILY = "1,2";
			};
			name = Debug;
		};
		BD7ACDA22465C442007EB133 /* Release */ = {
			isa = XCBuildConfiguration;
			buildSettings = {
				ASSETCATALOG_COMPILER_APPICON_NAME = AppIcon;
				CODE_SIGN_STYLE = Automatic;
				INFOPLIST_FILE = "TableView-StickyHeader/Info.plist";
				LD_RUNPATH_SEARCH_PATHS = (
					"$(inherited)",
					"@executable_path/Frameworks",
				);
				PRODUCT_BUNDLE_IDENTIFIER = "com.lambdaschool.TableView-StickyHeader";
				PRODUCT_NAME = "$(TARGET_NAME)";
				SWIFT_VERSION = 5.0;
				TARGETED_DEVICE_FAMILY = "1,2";
			};
			name = Release;
		};
/* End XCBuildConfiguration section */

/* Begin XCConfigurationList section */
		BD7ACD872465C440007EB133 /* Build configuration list for PBXProject "TableView-StickyHeader" */ = {
			isa = XCConfigurationList;
			buildConfigurations = (
				BD7ACD9E2465C442007EB133 /* Debug */,
				BD7ACD9F2465C442007EB133 /* Release */,
			);
			defaultConfigurationIsVisible = 0;
			defaultConfigurationName = Release;
		};
		BD7ACDA02465C442007EB133 /* Build configuration list for PBXNativeTarget "TableView-StickyHeader" */ = {
			isa = XCConfigurationList;
			buildConfigurations = (
				BD7ACDA12465C442007EB133 /* Debug */,
				BD7ACDA22465C442007EB133 /* Release */,
			);
			defaultConfigurationIsVisible = 0;
			defaultConfigurationName = Release;
		};
/* End XCConfigurationList section */
	};
	rootObject = BD7ACD842465C440007EB133 /* Project object */;
}
